
Microsoft Visual Studio Solution File, Format Version 12.00
# Visual Studio Version 16
VisualStudioVersion = 16.0.30517.126
MinimumVisualStudioVersion = 10.0.40219.1
Project("{FAE04EC0-301F-11D3-BF4B-00C04F79EFBC}") = "十月一作业", "十月一作业\十月一作业.csproj", "{B3B63E0F-F7CC-4AA6-9CAB-1CE32BD7906F}"
EndProject
Project("{FAE04EC0-301F-11D3-BF4B-00C04F79EFBC}") = "Code923", "Code923\Code923.csproj", "{231E2EF1-33A7-479D-B38A-C61574605B5B}"
EndProject
Global
	GlobalSection(SolutionConfigurationPlatforms) = preSolution
		Debug|Any CPU = Debug|Any CPU
		Release|Any CPU = Release|Any CPU
	EndGlobalSection
	GlobalSection(ProjectConfigurationPlatforms) = postSolution
		{B3B63E0F-F7CC-4AA6-9CAB-1CE32BD7906F}.Debug|Any CPU.ActiveCfg = Debug|Any CPU
		{B3B63E0F-F7CC-4AA6-9CAB-1CE32BD7906F}.Debug|Any CPU.Build.0 = Debug|Any CPU
		{B3B63E0F-F7CC-4AA6-9CAB-1CE32BD7906F}.Release|Any CPU.ActiveCfg = Release|Any CPU
		{B3B63E0F-F7CC-4AA6-9CAB-1CE32BD7906F}.Release|Any CPU.Build.0 = Release|Any CPU
		{231E2EF1-33A7-479D-B38A-C61574605B5B}.Debug|Any CPU.ActiveCfg = Debug|Any CPU
		{231E2EF1-33A7-479D-B38A-C61574605B5B}.Debug|Any CPU.Build.0 = Debug|Any CPU
		{231E2EF1-33A7-479D-B38A-C61574605B5B}.Release|Any CPU.ActiveCfg = Release|Any CPU
		{231E2EF1-33A7-479D-B38A-C61574605B5B}.Release|Any CPU.Build.0 = Release|Any CPU
	EndGlobalSection
	GlobalSection(SolutionProperties) = preSolution
		HideSolutionNode = FALSE
	EndGlobalSection
	GlobalSection(ExtensibilityGlobals) = postSolution
		SolutionGuid = {3200C4E3-99FF-4649-9635-939DA6ECF750}
	EndGlobalSection
EndGlobal
